
Microsoft Visual Studio Solution File, Format Version 12.00
# Visual Studio Version 16
VisualStudioVersion = 16.0.30711.63
MinimumVisualStudioVersion = 10.0.40219.1
Project("{9A19103F-16F7-4668-BE54-9A1E7A4F7556}") = "FetchRewardsExercise", "FetchRewardsExercise\FetchRewardsExercise.csproj", "{3BA37083-C2EF-4631-932B-0DEC57D3D61D}"
EndProject
Project("{9A19103F-16F7-4668-BE54-9A1E7A4F7556}") = "FetchRewardsExercise.Tests", "FetchRewardsExercise.Tests\FetchRewardsExercise.Tests.csproj", "{58D1C199-49BA-40C6-948F-A777FB1B2CD7}"
EndProject
Global
	GlobalSection(SolutionConfigurationPlatforms) = preSolution
		Debug|Any CPU = Debug|Any CPU
		Release|Any CPU = Release|Any CPU
	EndGlobalSection
	GlobalSection(ProjectConfigurationPlatforms) = postSolution
		{3BA37083-C2EF-4631-932B-0DEC57D3D61D}.Debug|Any CPU.ActiveCfg = Debug|Any CPU
		{3BA37083-C2EF-4631-932B-0DEC57D3D61D}.Debug|Any CPU.Build.0 = Debug|Any CPU
		{3BA37083-C2EF-4631-932B-0DEC57D3D61D}.Release|Any CPU.ActiveCfg = Release|Any CPU
		{3BA37083-C2EF-4631-932B-0DEC57D3D61D}.Release|Any CPU.Build.0 = Release|Any CPU
		{58D1C199-49BA-40C6-948F-A777FB1B2CD7}.Debug|Any CPU.ActiveCfg = Debug|Any CPU
		{58D1C199-49BA-40C6-948F-A777FB1B2CD7}.Debug|Any CPU.Build.0 = Debug|Any CPU
		{58D1C199-49BA-40C6-948F-A777FB1B2CD7}.Release|Any CPU.ActiveCfg = Release|Any CPU
		{58D1C199-49BA-40C6-948F-A777FB1B2CD7}.Release|Any CPU.Build.0 = Release|Any CPU
	EndGlobalSection
	GlobalSection(SolutionProperties) = preSolution
		HideSolutionNode = FALSE
	EndGlobalSection
	GlobalSection(ExtensibilityGlobals) = postSolution
		SolutionGuid = {3BC73B34-FC2E-4444-A836-0A25298D76D6}
	EndGlobalSection
EndGlobal
